
Microsoft Visual Studio Solution File, Format Version 12.00
# Visual Studio Version 17
VisualStudioVersion = 17.14.36804.6
MinimumVisualStudioVersion = 10.0.40219.1
Project("{FAE04EC0-301F-11D3-BF4B-00C04F79EFBC}") = "01_First_Program", "01_First_Program\01_First_Program.csproj", "{F33BFE92-B68B-4E7D-AD32-9F7E1A63C550}"
EndProject
Project("{FAE04EC0-301F-11D3-BF4B-00C04F79EFBC}") = "02_Sum_OF_N_NaturalNumbers", "02_Sum_OF_N_NaturalNumbers\02_Sum_OF_N_NaturalNumbers.csproj", "{84CD01D5-A97A-4396-83BB-3ABE3B30B0BD}"
EndProject
Project("{FAE04EC0-301F-11D3-BF4B-00C04F79EFBC}") = "02_Square_OF_N_Natural_Number_Happy", "02_Square_OF_N_Natural_Number_Happy\02_Square_OF_N_Natural_Number_Happy.csproj", "{6409003D-5098-4E74-8A62-A7049F558322}"
EndProject
Project("{FAE04EC0-301F-11D3-BF4B-00C04F79EFBC}") = "03_Happy_Factorial", "03_Happy_Factorial\03_Happy_Factorial.csproj", "{FA67CE55-D844-45D1-AD98-C542AB66ECBE}"
EndProject
Project("{FAE04EC0-301F-11D3-BF4B-00C04F79EFBC}") = "04_Prime_Or_Not_happy", "04_Prime_Or_Not\04_Prime_Or_Not_happy.csproj", "{DE8CA012-D871-4EE1-BE08-91CDCB3BB6F6}"
EndProject
Project("{FAE04EC0-301F-11D3-BF4B-00C04F79EFBC}") = "05_Prime_or_Not_Happy_ActualCode", "05_Prime_or_Not_Happy_ActualCode\05_Prime_or_Not_Happy_ActualCode.csproj", "{E39E55B8-2A8B-4756-A1B1-E49D495BF63C}"
EndProject
Project("{FAE04EC0-301F-11D3-BF4B-00C04F79EFBC}") = "06_Fibonacci_Attempt", "06_Fibonacci_Attempt\06_Fibonacci_Attempt.csproj", "{8D1C51AE-4B6F-4759-9947-3CDDB8EF549E}"
EndProject
Project("{2150E333-8FDC-42A3-9474-1A3956D46DE8}") = "07_Pattern_Problems", "07_Pattern_Problems", "{02EA681E-C7D8-13C7-8484-4AC65E1B71E8}"
EndProject
Project("{FAE04EC0-301F-11D3-BF4B-00C04F79EFBC}") = "01_TEST", "01_TEST\01_TEST.csproj", "{B467C2A4-5560-42F1-8633-5A18506E3C82}"
EndProject
Project("{FAE04EC0-301F-11D3-BF4B-00C04F79EFBC}") = "Star_Print_5_5", "07_Pattern_Problems\Star_Print_5_5\Star_Print_5_5.csproj", "{702FACBF-AD9E-45EC-887B-AB0FDA9D81F4}"
EndProject
Project("{FAE04EC0-301F-11D3-BF4B-00C04F79EFBC}") = "Number_Pattern_HorizontalSame", "07_Pattern_Problems\Number_Pattern_HorizontalSame\Number_Pattern_HorizontalSame.csproj", "{1BF48258-7B46-4BA7-9091-B76E957D1B4E}"
EndProject
Project("{FAE04EC0-301F-11D3-BF4B-00C04F79EFBC}") = "NumberPaternVertically", "07_Pattern_Problems\Number_Pattern_VerticallySame\NumberPaternVertically\NumberPaternVertically.csproj", "{27E1F6FC-4503-41F8-B6DC-C1957B70BC77}"
EndProject
Project("{FAE04EC0-301F-11D3-BF4B-00C04F79EFBC}") = "DescendingNumberpattern", "07_Pattern_Problems\Descending_Number_Pattern\DescendingNumberpattern\DescendingNumberpattern.csproj", "{F2695B15-2E50-44E6-8BFA-82B5CC3EAFE7}"
EndProject
Project("{FAE04EC0-301F-11D3-BF4B-00C04F79EFBC}") = "Ascending_square", "07_Pattern_Problems\Ascending_Square\Ascending_square\Ascending_square.csproj", "{447AE668-C8C9-4E24-B4B7-68FB25BC4C5F}"
EndProject
Project("{FAE04EC0-301F-11D3-BF4B-00C04F79EFBC}") = "Alphabit_print_ASC", "07_Pattern_Problems\Alphabites_Print\Alphabit_print_ASC\Alphabit_print_ASC.csproj", "{FDE2076B-86B5-49C9-AA68-2308825D681B}"
EndProject
Project("{FAE04EC0-301F-11D3-BF4B-00C04F79EFBC}") = "Numberfrom1_25", "07_Pattern_Problems\NumberPattern\Numberfrom1_25\Numberfrom1_25.csproj", "{2018F77E-4067-4648-A52A-BDF62814FC1A}"
EndProject
Project("{FAE04EC0-301F-11D3-BF4B-00C04F79EFBC}") = "RightAngle", "08_Pattern_Problem_Part02\01_RightAngledTriangle\RightAngle\RightAngle.csproj", "{3DA1B660-EFE9-4EC5-87E7-39A65F7E0586}"
EndProject
Project("{FAE04EC0-301F-11D3-BF4B-00C04F79EFBC}") = "VertivalTrianglrNumber", "08_Pattern_Problem_Part02\02_AsendingNumberPatern_Triangle(verticalSame)\VertivalTrianglrNumber\VertivalTrianglrNumber.csproj", "{B9050CD5-D7CE-4366-B48D-7E0B90F7386F}"
EndProject
Project("{FAE04EC0-301F-11D3-BF4B-00C04F79EFBC}") = "Asd_Horz_Pattern", "08_Pattern_Problem_Part02\03_AscNo_triangle_Horizontal\Asd_Horz_Pattern\Asd_Horz_Pattern.csproj", "{32CB0D84-EF72-4497-B584-3398C884F451}"
EndProject
Project("{FAE04EC0-301F-11D3-BF4B-00C04F79EFBC}") = "Reverse Number pattern", "08_Pattern_Problem_Part02\04_Reverse Number pattern\Reverse Number pattern\Reverse Number pattern.csproj", "{1442D413-2687-420A-BF9E-306F8FA0B7EB}"
EndProject
Project("{FAE04EC0-301F-11D3-BF4B-00C04F79EFBC}") = "Alphabet pattern (Horizonal Same)", "08_Pattern_Problem_Part02\05_Alphabet pattern (Horizonal Same)\Alphabet pattern (Horizonal Same)\Alphabet pattern (Horizonal Same).csproj", "{A9B07540-021C-4942-8A6C-4046476E6659}"
EndProject
Project("{FAE04EC0-301F-11D3-BF4B-00C04F79EFBC}") = "Reverse Star Triangle", "08_Pattern_Problem_Part02\06_Reverse Star Triangle\ConsoleApp1\Reverse Star Triangle.csproj", "{E585092A-765F-4626-BFEE-7C133085BA57}"
EndProject
Global
	GlobalSection(SolutionConfigurationPlatforms) = preSolution
		Debug|Any CPU = Debug|Any CPU
		Release|Any CPU = Release|Any CPU
	EndGlobalSection
	GlobalSection(ProjectConfigurationPlatforms) = postSolution
		{F33BFE92-B68B-4E7D-AD32-9F7E1A63C550}.Debug|Any CPU.ActiveCfg = Debug|Any CPU
		{F33BFE92-B68B-4E7D-AD32-9F7E1A63C550}.Debug|Any CPU.Build.0 = Debug|Any CPU
		{F33BFE92-B68B-4E7D-AD32-9F7E1A63C550}.Release|Any CPU.ActiveCfg = Release|Any CPU
		{F33BFE92-B68B-4E7D-AD32-9F7E1A63C550}.Release|Any CPU.Build.0 = Release|Any CPU
		{84CD01D5-A97A-4396-83BB-3ABE3B30B0BD}.Debug|Any CPU.ActiveCfg = Debug|Any CPU
		{84CD01D5-A97A-4396-83BB-3ABE3B30B0BD}.Debug|Any CPU.Build.0 = Debug|Any CPU
		{84CD01D5-A97A-4396-83BB-3ABE3B30B0BD}.Release|Any CPU.ActiveCfg = Release|Any CPU
		{84CD01D5-A97A-4396-83BB-3ABE3B30B0BD}.Release|Any CPU.Build.0 = Release|Any CPU
		{6409003D-5098-4E74-8A62-A7049F558322}.Debug|Any CPU.ActiveCfg = Debug|Any CPU
		{6409003D-5098-4E74-8A62-A7049F558322}.Debug|Any CPU.Build.0 = Debug|Any CPU
		{6409003D-5098-4E74-8A62-A7049F558322}.Release|Any CPU.ActiveCfg = Release|Any CPU
		{6409003D-5098-4E74-8A62-A7049F558322}.Release|Any CPU.Build.0 = Release|Any CPU
		{FA67CE55-D844-45D1-AD98-C542AB66ECBE}.Debug|Any CPU.ActiveCfg = Debug|Any CPU
		{FA67CE55-D844-45D1-AD98-C542AB66ECBE}.Debug|Any CPU.Build.0 = Debug|Any CPU
		{FA67CE55-D844-45D1-AD98-C542AB66ECBE}.Release|Any CPU.ActiveCfg = Release|Any CPU
		{FA67CE55-D844-45D1-AD98-C542AB66ECBE}.Release|Any CPU.Build.0 = Release|Any CPU
		{DE8CA012-D871-4EE1-BE08-91CDCB3BB6F6}.Debug|Any CPU.ActiveCfg = Debug|Any CPU
		{DE8CA012-D871-4EE1-BE08-91CDCB3BB6F6}.Debug|Any CPU.Build.0 = Debug|Any CPU
		{DE8CA012-D871-4EE1-BE08-91CDCB3BB6F6}.Release|Any CPU.ActiveCfg = Release|Any CPU
		{DE8CA012-D871-4EE1-BE08-91CDCB3BB6F6}.Release|Any CPU.Build.0 = Release|Any CPU
		{E39E55B8-2A8B-4756-A1B1-E49D495BF63C}.Debug|Any CPU.ActiveCfg = Debug|Any CPU
		{E39E55B8-2A8B-4756-A1B1-E49D495BF63C}.Debug|Any CPU.Build.0 = Debug|Any CPU
		{E39E55B8-2A8B-4756-A1B1-E49D495BF63C}.Release|Any CPU.ActiveCfg = Release|Any CPU
		{E39E55B8-2A8B-4756-A1B1-E49D495BF63C}.Release|Any CPU.Build.0 = Release|Any CPU
		{8D1C51AE-4B6F-4759-9947-3CDDB8EF549E}.Debug|Any CPU.ActiveCfg = Debug|Any CPU
		{8D1C51AE-4B6F-4759-9947-3CDDB8EF549E}.Debug|Any CPU.Build.0 = Debug|Any CPU
		{8D1C51AE-4B6F-4759-9947-3CDDB8EF549E}.Release|Any CPU.ActiveCfg = Release|Any CPU
		{8D1C51AE-4B6F-4759-9947-3CDDB8EF549E}.Release|Any CPU.Build.0 = Release|Any CPU
		{B467C2A4-5560-42F1-8633-5A18506E3C82}.Debug|Any CPU.ActiveCfg = Debug|Any CPU
		{B467C2A4-5560-42F1-8633-5A18506E3C82}.Debug|Any CPU.Build.0 = Debug|Any CPU
		{B467C2A4-5560-42F1-8633-5A18506E3C82}.Release|Any CPU.ActiveCfg = Release|Any CPU
		{B467C2A4-5560-42F1-8633-5A18506E3C82}.Release|Any CPU.Build.0 = Release|Any CPU
		{702FACBF-AD9E-45EC-887B-AB0FDA9D81F4}.Debug|Any CPU.ActiveCfg = Debug|Any CPU
		{702FACBF-AD9E-45EC-887B-AB0FDA9D81F4}.Debug|Any CPU.Build.0 = Debug|Any CPU
		{702FACBF-AD9E-45EC-887B-AB0FDA9D81F4}.Release|Any CPU.ActiveCfg = Release|Any CPU
		{702FACBF-AD9E-45EC-887B-AB0FDA9D81F4}.Release|Any CPU.Build.0 = Release|Any CPU
		{1BF48258-7B46-4BA7-9091-B76E957D1B4E}.Debug|Any CPU.ActiveCfg = Debug|Any CPU
		{1BF48258-7B46-4BA7-9091-B76E957D1B4E}.Debug|Any CPU.Build.0 = Debug|Any CPU
		{1BF48258-7B46-4BA7-9091-B76E957D1B4E}.Release|Any CPU.ActiveCfg = Release|Any CPU
		{1BF48258-7B46-4BA7-9091-B76E957D1B4E}.Release|Any CPU.Build.0 = Release|Any CPU
		{27E1F6FC-4503-41F8-B6DC-C1957B70BC77}.Debug|Any CPU.ActiveCfg = Debug|Any CPU
		{27E1F6FC-4503-41F8-B6DC-C1957B70BC77}.Debug|Any CPU.Build.0 = Debug|Any CPU
		{27E1F6FC-4503-41F8-B6DC-C1957B70BC77}.Release|Any CPU.ActiveCfg = Release|Any CPU
		{27E1F6FC-4503-41F8-B6DC-C1957B70BC77}.Release|Any CPU.Build.0 = Release|Any CPU
		{F2695B15-2E50-44E6-8BFA-82B5CC3EAFE7}.Debug|Any CPU.ActiveCfg = Debug|Any CPU
		{F2695B15-2E50-44E6-8BFA-82B5CC3EAFE7}.Debug|Any CPU.Build.0 = Debug|Any CPU
		{F2695B15-2E50-44E6-8BFA-82B5CC3EAFE7}.Release|Any CPU.ActiveCfg = Release|Any CPU
		{F2695B15-2E50-44E6-8BFA-82B5CC3EAFE7}.Release|Any CPU.Build.0 = Release|Any CPU
		{447AE668-C8C9-4E24-B4B7-68FB25BC4C5F}.Debug|Any CPU.ActiveCfg = Debug|Any CPU
		{447AE668-C8C9-4E24-B4B7-68FB25BC4C5F}.Debug|Any CPU.Build.0 = Debug|Any CPU
		{447AE668-C8C9-4E24-B4B7-68FB25BC4C5F}.Release|Any CPU.ActiveCfg = Release|Any CPU
		{447AE668-C8C9-4E24-B4B7-68FB25BC4C5F}.Release|Any CPU.Build.0 = Release|Any CPU
		{FDE2076B-86B5-49C9-AA68-2308825D681B}.Debug|Any CPU.ActiveCfg = Debug|Any CPU
		{FDE2076B-86B5-49C9-AA68-2308825D681B}.Debug|Any CPU.Build.0 = Debug|Any CPU
		{FDE2076B-86B5-49C9-AA68-2308825D681B}.Release|Any CPU.ActiveCfg = Release|Any CPU
		{FDE2076B-86B5-49C9-AA68-2308825D681B}.Release|Any CPU.Build.0 = Release|Any CPU
		{2018F77E-4067-4648-A52A-BDF62814FC1A}.Debug|Any CPU.ActiveCfg = Debug|Any CPU
		{2018F77E-4067-4648-A52A-BDF62814FC1A}.Debug|Any CPU.Build.0 = Debug|Any CPU
		{2018F77E-4067-4648-A52A-BDF62814FC1A}.Release|Any CPU.ActiveCfg = Release|Any CPU
		{2018F77E-4067-4648-A52A-BDF62814FC1A}.Release|Any CPU.Build.0 = Release|Any CPU
		{3DA1B660-EFE9-4EC5-87E7-39A65F7E0586}.Debug|Any CPU.ActiveCfg = Debug|Any CPU
		{3DA1B660-EFE9-4EC5-87E7-39A65F7E0586}.Debug|Any CPU.Build.0 = Debug|Any CPU
		{3DA1B660-EFE9-4EC5-87E7-39A65F7E0586}.Release|Any CPU.ActiveCfg = Release|Any CPU
		{3DA1B660-EFE9-4EC5-87E7-39A65F7E0586}.Release|Any CPU.Build.0 = Release|Any CPU
		{B9050CD5-D7CE-4366-B48D-7E0B90F7386F}.Debug|Any CPU.ActiveCfg = Debug|Any CPU
		{B9050CD5-D7CE-4366-B48D-7E0B90F7386F}.Debug|Any CPU.Build.0 = Debug|Any CPU
		{B9050CD5-D7CE-4366-B48D-7E0B90F7386F}.Release|Any CPU.ActiveCfg = Release|Any CPU
		{B9050CD5-D7CE-4366-B48D-7E0B90F7386F}.Release|Any CPU.Build.0 = Release|Any CPU
		{32CB0D84-EF72-4497-B584-3398C884F451}.Debug|Any CPU.ActiveCfg = Debug|Any CPU
		{32CB0D84-EF72-4497-B584-3398C884F451}.Debug|Any CPU.Build.0 = Debug|Any CPU
		{32CB0D84-EF72-4497-B584-3398C884F451}.Release|Any CPU.ActiveCfg = Release|Any CPU
		{32CB0D84-EF72-4497-B584-3398C884F451}.Release|Any CPU.Build.0 = Release|Any CPU
		{1442D413-2687-420A-BF9E-306F8FA0B7EB}.Debug|Any CPU.ActiveCfg = Debug|Any CPU
		{1442D413-2687-420A-BF9E-306F8FA0B7EB}.Debug|Any CPU.Build.0 = Debug|Any CPU
		{1442D413-2687-420A-BF9E-306F8FA0B7EB}.Release|Any CPU.ActiveCfg = Release|Any CPU
		{1442D413-2687-420A-BF9E-306F8FA0B7EB}.Release|Any CPU.Build.0 = Release|Any CPU
		{A9B07540-021C-4942-8A6C-4046476E6659}.Debug|Any CPU.ActiveCfg = Debug|Any CPU
		{A9B07540-021C-4942-8A6C-4046476E6659}.Debug|Any CPU.Build.0 = Debug|Any CPU
		{A9B07540-021C-4942-8A6C-4046476E6659}.Release|Any CPU.ActiveCfg = Release|Any CPU
		{A9B07540-021C-4942-8A6C-4046476E6659}.Release|Any CPU.Build.0 = Release|Any CPU
		{E585092A-765F-4626-BFEE-7C133085BA57}.Debug|Any CPU.ActiveCfg = Debug|Any CPU
		{E585092A-765F-4626-BFEE-7C133085BA57}.Debug|Any CPU.Build.0 = Debug|Any CPU
		{E585092A-765F-4626-BFEE-7C133085BA57}.Release|Any CPU.ActiveCfg = Release|Any CPU
		{E585092A-765F-4626-BFEE-7C133085BA57}.Release|Any CPU.Build.0 = Release|Any CPU
	EndGlobalSection
	GlobalSection(SolutionProperties) = preSolution
		HideSolutionNode = FALSE
	EndGlobalSection
	GlobalSection(NestedProjects) = preSolution
		{B467C2A4-5560-42F1-8633-5A18506E3C82} = {02EA681E-C7D8-13C7-8484-4AC65E1B71E8}
	EndGlobalSection
	GlobalSection(ExtensibilityGlobals) = postSolution
		SolutionGuid = {007B481F-91BB-4708-BA91-D66F3F677EBB}
	EndGlobalSection
EndGlobal
