
Microsoft Visual Studio Solution File, Format Version 12.00
# Visual Studio Version 17
VisualStudioVersion = 17.14.36804.6 d17.14
MinimumVisualStudioVersion = 10.0.40219.1
Project("{FAE04EC0-301F-11D3-BF4B-00C04F79EFBC}") = "01_star_print", "01_star_print.csproj", "{D7ECFDD5-F4F0-483E-9D12-B6CDBC3EB822}"
EndProject
Project("{FAE04EC0-301F-11D3-BF4B-00C04F79EFBC}") = "number", "..\02_Number_Pattern\number\number.csproj", "{66D9CB65-2AE1-4E19-BF13-6BFFCD60E80D}"
EndProject
Global
	GlobalSection(SolutionConfigurationPlatforms) = preSolution
		Debug|Any CPU = Debug|Any CPU
		Release|Any CPU = Release|Any CPU
	EndGlobalSection
	GlobalSection(ProjectConfigurationPlatforms) = postSolution
		{D7ECFDD5-F4F0-483E-9D12-B6CDBC3EB822}.Debug|Any CPU.ActiveCfg = Debug|Any CPU
		{D7ECFDD5-F4F0-483E-9D12-B6CDBC3EB822}.Debug|Any CPU.Build.0 = Debug|Any CPU
		{D7ECFDD5-F4F0-483E-9D12-B6CDBC3EB822}.Release|Any CPU.ActiveCfg = Release|Any CPU
		{D7ECFDD5-F4F0-483E-9D12-B6CDBC3EB822}.Release|Any CPU.Build.0 = Release|Any CPU
		{66D9CB65-2AE1-4E19-BF13-6BFFCD60E80D}.Debug|Any CPU.ActiveCfg = Debug|Any CPU
		{66D9CB65-2AE1-4E19-BF13-6BFFCD60E80D}.Debug|Any CPU.Build.0 = Debug|Any CPU
		{66D9CB65-2AE1-4E19-BF13-6BFFCD60E80D}.Release|Any CPU.ActiveCfg = Release|Any CPU
		{66D9CB65-2AE1-4E19-BF13-6BFFCD60E80D}.Release|Any CPU.Build.0 = Release|Any CPU
	EndGlobalSection
	GlobalSection(SolutionProperties) = preSolution
		HideSolutionNode = FALSE
	EndGlobalSection
	GlobalSection(ExtensibilityGlobals) = postSolution
		SolutionGuid = {38BAE4C3-F28B-4ABB-99DC-12A56582DC9D}
	EndGlobalSection
EndGlobal
