
Microsoft Visual Studio Solution File, Format Version 12.00
# Visual Studio Version 17
VisualStudioVersion = 17.14.36804.6
MinimumVisualStudioVersion = 10.0.40219.1
Project("{FAE04EC0-301F-11D3-BF4B-00C04F79EFBC}") = "01_star_print", "01_star_print.csproj", "{D7ECFDD5-F4F0-483E-9D12-B6CDBC3EB822}"
EndProject
Project("{FAE04EC0-301F-11D3-BF4B-00C04F79EFBC}") = "number", "..\02_Number_Pattern\number\number.csproj", "{66D9CB65-2AE1-4E19-BF13-6BFFCD60E80D}"
EndProject
Project("{FAE04EC0-301F-11D3-BF4B-00C04F79EFBC}") = "ConsoleApp1", "..\03_number_Pattern\ConsoleApp1\ConsoleApp1.csproj", "{9F9BA15C-0068-4C37-A738-18BE14C00D89}"
EndProject
Project("{FAE04EC0-301F-11D3-BF4B-00C04F79EFBC}") = "Alpha", "..\04_Alpha_pattern\Alpha\Alpha.csproj", "{39982ADD-F901-41B7-85ED-701E30BF4EAD}"
EndProject
Project("{FAE04EC0-301F-11D3-BF4B-00C04F79EFBC}") = "Number__Left_Right", "..\05_Number\Number__Left_Right\Number__Left_Right.csproj", "{8F6CE544-69F3-43DF-8F5A-C16957C64DEE}"
EndProject
Project("{FAE04EC0-301F-11D3-BF4B-00C04F79EFBC}") = "DecimalToBinary", "..\..\10_NumberSystem\01_DecimalToBinary\DecimalToBinary\DecimalToBinary.csproj", "{64C6DBBF-C2E1-4E62-9E91-AB04EE3DE254}"
EndProject
Global
	GlobalSection(SolutionConfigurationPlatforms) = preSolution
		Debug|Any CPU = Debug|Any CPU
		Release|Any CPU = Release|Any CPU
	EndGlobalSection
	GlobalSection(ProjectConfigurationPlatforms) = postSolution
		{D7ECFDD5-F4F0-483E-9D12-B6CDBC3EB822}.Debug|Any CPU.ActiveCfg = Debug|Any CPU
		{D7ECFDD5-F4F0-483E-9D12-B6CDBC3EB822}.Debug|Any CPU.Build.0 = Debug|Any CPU
		{D7ECFDD5-F4F0-483E-9D12-B6CDBC3EB822}.Release|Any CPU.ActiveCfg = Release|Any CPU
		{D7ECFDD5-F4F0-483E-9D12-B6CDBC3EB822}.Release|Any CPU.Build.0 = Release|Any CPU
		{66D9CB65-2AE1-4E19-BF13-6BFFCD60E80D}.Debug|Any CPU.ActiveCfg = Debug|Any CPU
		{66D9CB65-2AE1-4E19-BF13-6BFFCD60E80D}.Debug|Any CPU.Build.0 = Debug|Any CPU
		{66D9CB65-2AE1-4E19-BF13-6BFFCD60E80D}.Release|Any CPU.ActiveCfg = Release|Any CPU
		{66D9CB65-2AE1-4E19-BF13-6BFFCD60E80D}.Release|Any CPU.Build.0 = Release|Any CPU
		{9F9BA15C-0068-4C37-A738-18BE14C00D89}.Debug|Any CPU.ActiveCfg = Debug|Any CPU
		{9F9BA15C-0068-4C37-A738-18BE14C00D89}.Debug|Any CPU.Build.0 = Debug|Any CPU
		{9F9BA15C-0068-4C37-A738-18BE14C00D89}.Release|Any CPU.ActiveCfg = Release|Any CPU
		{9F9BA15C-0068-4C37-A738-18BE14C00D89}.Release|Any CPU.Build.0 = Release|Any CPU
		{39982ADD-F901-41B7-85ED-701E30BF4EAD}.Debug|Any CPU.ActiveCfg = Debug|Any CPU
		{39982ADD-F901-41B7-85ED-701E30BF4EAD}.Debug|Any CPU.Build.0 = Debug|Any CPU
		{39982ADD-F901-41B7-85ED-701E30BF4EAD}.Release|Any CPU.ActiveCfg = Release|Any CPU
		{39982ADD-F901-41B7-85ED-701E30BF4EAD}.Release|Any CPU.Build.0 = Release|Any CPU
		{8F6CE544-69F3-43DF-8F5A-C16957C64DEE}.Debug|Any CPU.ActiveCfg = Debug|Any CPU
		{8F6CE544-69F3-43DF-8F5A-C16957C64DEE}.Debug|Any CPU.Build.0 = Debug|Any CPU
		{8F6CE544-69F3-43DF-8F5A-C16957C64DEE}.Release|Any CPU.ActiveCfg = Release|Any CPU
		{8F6CE544-69F3-43DF-8F5A-C16957C64DEE}.Release|Any CPU.Build.0 = Release|Any CPU
		{64C6DBBF-C2E1-4E62-9E91-AB04EE3DE254}.Debug|Any CPU.ActiveCfg = Debug|Any CPU
		{64C6DBBF-C2E1-4E62-9E91-AB04EE3DE254}.Debug|Any CPU.Build.0 = Debug|Any CPU
		{64C6DBBF-C2E1-4E62-9E91-AB04EE3DE254}.Release|Any CPU.ActiveCfg = Release|Any CPU
		{64C6DBBF-C2E1-4E62-9E91-AB04EE3DE254}.Release|Any CPU.Build.0 = Release|Any CPU
	EndGlobalSection
	GlobalSection(SolutionProperties) = preSolution
		HideSolutionNode = FALSE
	EndGlobalSection
	GlobalSection(ExtensibilityGlobals) = postSolution
		SolutionGuid = {38BAE4C3-F28B-4ABB-99DC-12A56582DC9D}
	EndGlobalSection
EndGlobal
