
Microsoft Visual Studio Solution File, Format Version 12.00
# Visual Studio Version 17
VisualStudioVersion = 17.14.36804.6 d17.14
MinimumVisualStudioVersion = 10.0.40219.1
Project("{FAE04EC0-301F-11D3-BF4B-00C04F79EFBC}") = "258. Add Digits", "258. Add Digits.csproj", "{468F387F-44B8-498B-AAE8-16F4C01F78FA}"
EndProject
Project("{FAE04EC0-301F-11D3-BF4B-00C04F79EFBC}") = "Test", "..\Test\Test.csproj", "{59A4AAA5-3897-4405-A447-E11F16B0AC14}"
EndProject
Project("{FAE04EC0-301F-11D3-BF4B-00C04F79EFBC}") = "Leap_year_question", "..\..\02__2. Check a year is Leap Year or not\Leap_year_question\Leap_year_question.csproj", "{F703E0CC-C64B-4AE3-B24B-D9466D192502}"
EndProject
Project("{FAE04EC0-301F-11D3-BF4B-00C04F79EFBC}") = "Leap_year_Function", "..\..\02__2. Check a year is Leap Year or not\Leap_year_Function\Leap_year_Function.csproj", "{E9312BEE-9CA5-481A-9839-655E39F7084B}"
EndProject
Global
	GlobalSection(SolutionConfigurationPlatforms) = preSolution
		Debug|Any CPU = Debug|Any CPU
		Release|Any CPU = Release|Any CPU
	EndGlobalSection
	GlobalSection(ProjectConfigurationPlatforms) = postSolution
		{468F387F-44B8-498B-AAE8-16F4C01F78FA}.Debug|Any CPU.ActiveCfg = Debug|Any CPU
		{468F387F-44B8-498B-AAE8-16F4C01F78FA}.Debug|Any CPU.Build.0 = Debug|Any CPU
		{468F387F-44B8-498B-AAE8-16F4C01F78FA}.Release|Any CPU.ActiveCfg = Release|Any CPU
		{468F387F-44B8-498B-AAE8-16F4C01F78FA}.Release|Any CPU.Build.0 = Release|Any CPU
		{59A4AAA5-3897-4405-A447-E11F16B0AC14}.Debug|Any CPU.ActiveCfg = Debug|Any CPU
		{59A4AAA5-3897-4405-A447-E11F16B0AC14}.Debug|Any CPU.Build.0 = Debug|Any CPU
		{59A4AAA5-3897-4405-A447-E11F16B0AC14}.Release|Any CPU.ActiveCfg = Release|Any CPU
		{59A4AAA5-3897-4405-A447-E11F16B0AC14}.Release|Any CPU.Build.0 = Release|Any CPU
		{F703E0CC-C64B-4AE3-B24B-D9466D192502}.Debug|Any CPU.ActiveCfg = Debug|Any CPU
		{F703E0CC-C64B-4AE3-B24B-D9466D192502}.Debug|Any CPU.Build.0 = Debug|Any CPU
		{F703E0CC-C64B-4AE3-B24B-D9466D192502}.Release|Any CPU.ActiveCfg = Release|Any CPU
		{F703E0CC-C64B-4AE3-B24B-D9466D192502}.Release|Any CPU.Build.0 = Release|Any CPU
		{E9312BEE-9CA5-481A-9839-655E39F7084B}.Debug|Any CPU.ActiveCfg = Debug|Any CPU
		{E9312BEE-9CA5-481A-9839-655E39F7084B}.Debug|Any CPU.Build.0 = Debug|Any CPU
		{E9312BEE-9CA5-481A-9839-655E39F7084B}.Release|Any CPU.ActiveCfg = Release|Any CPU
		{E9312BEE-9CA5-481A-9839-655E39F7084B}.Release|Any CPU.Build.0 = Release|Any CPU
	EndGlobalSection
	GlobalSection(SolutionProperties) = preSolution
		HideSolutionNode = FALSE
	EndGlobalSection
	GlobalSection(ExtensibilityGlobals) = postSolution
		SolutionGuid = {27A7EE9A-1BC7-49F2-A0C1-AF0BEB1D65A1}
	EndGlobalSection
EndGlobal
